
Microsoft Visual Studio Solution File, Format Version 12.00
# Visual Studio Version 17
VisualStudioVersion = 17.12.35707.178
MinimumVisualStudioVersion = 10.0.40219.1
Project("{FAE04EC0-301F-11D3-BF4B-00C04F79EFBC}") = "StudentLibrary", "StudentLibrary.csproj", "{600009B3-62DE-49F1-9394-11EED6A63FD1}"
EndProject
Project("{FAE04EC0-301F-11D3-BF4B-00C04F79EFBC}") = "StudentLibrary.Tests", "..\StudentLibrary.Tests\StudentLibrary.Tests.csproj", "{9E218E68-0FC6-4294-BCCC-066E199793F2}"
	ProjectSection(ProjectDependencies) = postProject
		{600009B3-62DE-49F1-9394-11EED6A63FD1} = {600009B3-62DE-49F1-9394-11EED6A63FD1}
	EndProjectSection
EndProject
Global
	GlobalSection(SolutionConfigurationPlatforms) = preSolution
		Debug|Any CPU = Debug|Any CPU
		Release|Any CPU = Release|Any CPU
	EndGlobalSection
	GlobalSection(ProjectConfigurationPlatforms) = postSolution
		{600009B3-62DE-49F1-9394-11EED6A63FD1}.Debug|Any CPU.ActiveCfg = Debug|Any CPU
		{600009B3-62DE-49F1-9394-11EED6A63FD1}.Debug|Any CPU.Build.0 = Debug|Any CPU
		{600009B3-62DE-49F1-9394-11EED6A63FD1}.Release|Any CPU.ActiveCfg = Release|Any CPU
		{600009B3-62DE-49F1-9394-11EED6A63FD1}.Release|Any CPU.Build.0 = Release|Any CPU
		{9E218E68-0FC6-4294-BCCC-066E199793F2}.Debug|Any CPU.ActiveCfg = Debug|Any CPU
		{9E218E68-0FC6-4294-BCCC-066E199793F2}.Debug|Any CPU.Build.0 = Debug|Any CPU
		{9E218E68-0FC6-4294-BCCC-066E199793F2}.Release|Any CPU.ActiveCfg = Release|Any CPU
		{9E218E68-0FC6-4294-BCCC-066E199793F2}.Release|Any CPU.Build.0 = Release|Any CPU
	EndGlobalSection
	GlobalSection(SolutionProperties) = preSolution
		HideSolutionNode = FALSE
	EndGlobalSection
	GlobalSection(ExtensibilityGlobals) = postSolution
		SolutionGuid = {8A8F0549-1439-4808-9959-1D0AA2AF05AD}
	EndGlobalSection
EndGlobal
